
Microsoft Visual Studio Solution File, Format Version 12.00
# Visual Studio Version 16
VisualStudioVersion = 16.0.32106.194
MinimumVisualStudioVersion = 10.0.40219.1
Project("{FAE04EC0-301F-11D3-BF4B-00C04F79EFBC}") = "Stock_Indexing", "Stock_Indexing\Stock_Indexing.csproj", "{BB763D97-9B1A-498C-A222-9FE25060642B}"
EndProject
Global
	GlobalSection(SolutionConfigurationPlatforms) = preSolution
		Debug|Any CPU = Debug|Any CPU
		Release|Any CPU = Release|Any CPU
	EndGlobalSection
	GlobalSection(ProjectConfigurationPlatforms) = postSolution
		{BB763D97-9B1A-498C-A222-9FE25060642B}.Debug|Any CPU.ActiveCfg = Debug|Any CPU
		{BB763D97-9B1A-498C-A222-9FE25060642B}.Debug|Any CPU.Build.0 = Debug|Any CPU
		{BB763D97-9B1A-498C-A222-9FE25060642B}.Release|Any CPU.ActiveCfg = Release|Any CPU
		{BB763D97-9B1A-498C-A222-9FE25060642B}.Release|Any CPU.Build.0 = Release|Any CPU
	EndGlobalSection
	GlobalSection(SolutionProperties) = preSolution
		HideSolutionNode = FALSE
	EndGlobalSection
	GlobalSection(ExtensibilityGlobals) = postSolution
		SolutionGuid = {E9260D0F-AA8D-4477-8767-AC949F55290E}
	EndGlobalSection
EndGlobal
